// !$*UTF8*$!
{
	archiveVersion = 1;
	classes = {
	};
	objectVersion = 50;
	objects = {

/* Begin PBXBuildFile section */
		748DF1DD216B8C870098276E /* AppDelegate.swift in Sources */ = {isa = PBXBuildFile; fileRef = 748DF1DC216B8C870098276E /* AppDelegate.swift */; };
		748DF1DF216B8C870098276E /* ViewController.swift in Sources */ = {isa = PBXBuildFile; fileRef = 748DF1DE216B8C870098276E /* ViewController.swift */; };
		748DF1E2216B8C870098276E /* Main.storyboard in Resources */ = {isa = PBXBuildFile; fileRef = 748DF1E0216B8C870098276E /* Main.storyboard */; };
		748DF1E4216B8C880098276E /* Assets.xcassets in Resources */ = {isa = PBXBuildFile; fileRef = 748DF1E3216B8C880098276E /* Assets.xcassets */; };
		748DF1E7216B8C880098276E /* LaunchScreen.storyboard in Resources */ = {isa = PBXBuildFile; fileRef = 748DF1E5216B8C880098276E /* LaunchScreen.storyboard */; };
		748DF1F2216B8C880098276E /* doCatchTests.swift in Sources */ = {isa = PBXBuildFile; fileRef = 748DF1F1216B8C880098276E /* doCatchTests.swift */; };
/* End PBXBuildFile section */

/* Begin PBXContainerItemProxy section */
		748DF1EE216B8C880098276E /* PBXContainerItemProxy */ = {
			isa = PBXContainerItemProxy;
			containerPortal = 748DF1D1216B8C870098276E /* Project object */;
			proxyType = 1;
			remoteGlobalIDString = 748DF1D8216B8C870098276E;
			remoteInfo = doCatch;
		};
/* End PBXContainerItemProxy section */

/* Begin PBXFileReference section */
		748DF1D9216B8C870098276E /* doCatch.app */ = {isa = PBXFileReference; explicitFileType = wrapper.application; includeInIndex = 0; path = doCatch.app; sourceTree = BUILT_PRODUCTS_DIR; };
		748DF1DC216B8C870098276E /* AppDelegate.swift */ = {isa = PBXFileReference; lastKnownFileType = sourcecode.swift; path = AppDelegate.swift; sourceTree = "<group>"; };
		748DF1DE216B8C870098276E /* ViewController.swift */ = {isa = PBXFileReference; lastKnownFileType = sourcecode.swift; path = ViewController.swift; sourceTree = "<group>"; };
		748DF1E1216B8C870098276E /* Base */ = {isa = PBXFileReference; lastKnownFileType = file.storyboard; name = Base; path = Base.lproj/Main.storyboard; sourceTree = "<group>"; };
		748DF1E3216B8C880098276E /* Assets.xcassets */ = {isa = PBXFileReference; lastKnownFileType = folder.assetcatalog; path = Assets.xcassets; sourceTree = "<group>"; };
		748DF1E6216B8C880098276E /* Base */ = {isa = PBXFileReference; lastKnownFileType = file.storyboard; name = Base; path = Base.lproj/LaunchScreen.storyboard; sourceTree = "<group>"; };
		748DF1E8216B8C880098276E /* Info.plist */ = {isa = PBXFileReference; lastKnownFileType = text.plist.xml; path = Info.plist; sourceTree = "<group>"; };
		748DF1ED216B8C880098276E /* doCatchTests.xctest */ = {isa = PBXFileReference; explicitFileType = wrapper.cfbundle; includeInIndex = 0; path = doCatchTests.xctest; sourceTree = BUILT_PRODUCTS_DIR; };
		748DF1F1216B8C880098276E /* doCatchTests.swift */ = {isa = PBXFileReference; lastKnownFileType = sourcecode.swift; path = doCatchTests.swift; sourceTree = "<group>"; };
		748DF1F3216B8C880098276E /* Info.plist */ = {isa = PBXFileReference; lastKnownFileType = text.plist.xml; path = Info.plist; sourceTree = "<group>"; };
/* End PBXFileReference section */

/* Begin PBXFrameworksBuildPhase section */
		748DF1D6216B8C870098276E /* Frameworks */ = {
			isa = PBXFrameworksBuildPhase;
			buildActionMask = 2147483647;
			files = (
			);
			runOnlyForDeploymentPostprocessing = 0;
		};
		748DF1EA216B8C880098276E /* Frameworks */ = {
			isa = PBXFrameworksBuildPhase;
			buildActionMask = 2147483647;
			files = (
			);
			runOnlyForDeploymentPostprocessing = 0;
		};
/* End PBXFrameworksBuildPhase section */

/* Begin PBXGroup section */
		748DF1D0216B8C870098276E = {
			isa = PBXGroup;
			children = (
				748DF1DB216B8C870098276E /* doCatch */,
				748DF1F0216B8C880098276E /* doCatchTests */,
				748DF1DA216B8C870098276E /* Products */,
			);
			sourceTree = "<group>";
		};
		748DF1DA216B8C870098276E /* Products */ = {
			isa = PBXGroup;
			children = (
				748DF1D9216B8C870098276E /* doCatch.app */,
				748DF1ED216B8C880098276E /* doCatchTests.xctest */,
			);
			name = Products;
			sourceTree = "<group>";
		};
		748DF1DB216B8C870098276E /* doCatch */ = {
			isa = PBXGroup;
			children = (
				748DF1DC216B8C870098276E /* AppDelegate.swift */,
				748DF1DE216B8C870098276E /* ViewController.swift */,
				748DF1E0216B8C870098276E /* Main.storyboard */,
				748DF1E3216B8C880098276E /* Assets.xcassets */,
				748DF1E5216B8C880098276E /* LaunchScreen.storyboard */,
				748DF1E8216B8C880098276E /* Info.plist */,
			);
			path = doCatch;
			sourceTree = "<group>";
		};
		748DF1F0216B8C880098276E /* doCatchTests */ = {
			isa = PBXGroup;
			children = (
				748DF1F1216B8C880098276E /* doCatchTests.swift */,
				748DF1F3216B8C880098276E /* Info.plist */,
			);
			path = doCatchTests;
			sourceTree = "<group>";
		};
/* End PBXGroup section */

/* Begin PBXNativeTarget section */
		748DF1D8216B8C870098276E /* doCatch */ = {
			isa = PBXNativeTarget;
			buildConfigurationList = 748DF1F6216B8C880098276E /* Build configuration list for PBXNativeTarget "doCatch" */;
			buildPhases = (
				748DF1D5216B8C870098276E /* Sources */,
				748DF1D6216B8C870098276E /* Frameworks */,
				748DF1D7216B8C870098276E /* Resources */,
			);
			buildRules = (
			);
			dependencies = (
			);
			name = doCatch;
			productName = doCatch;
			productReference = 748DF1D9216B8C870098276E /* doCatch.app */;
			productType = "com.apple.product-type.application";
		};
		748DF1EC216B8C880098276E /* doCatchTests */ = {
			isa = PBXNativeTarget;
			buildConfigurationList = 748DF1F9216B8C880098276E /* Build configuration list for PBXNativeTarget "doCatchTests" */;
			buildPhases = (
				748DF1E9216B8C880098276E /* Sources */,
				748DF1EA216B8C880098276E /* Frameworks */,
				748DF1EB216B8C880098276E /* Resources */,
			);
			buildRules = (
			);
			dependencies = (
				748DF1EF216B8C880098276E /* PBXTargetDependency */,
			);
			name = doCatchTests;
			productName = doCatchTests;
			productReference = 748DF1ED216B8C880098276E /* doCatchTests.xctest */;
			productType = "com.apple.product-type.bundle.unit-test";
		};
/* End PBXNativeTarget section */

/* Begin PBXProject section */
		748DF1D1216B8C870098276E /* Project object */ = {
			isa = PBXProject;
			attributes = {
				LastSwiftUpdateCheck = 1000;
				LastUpgradeCheck = 1000;
				ORGANIZATIONNAME = "Milos Dimic";
				TargetAttributes = {
					748DF1D8216B8C870098276E = {
						CreatedOnToolsVersion = 10.0;
					};
					748DF1EC216B8C880098276E = {
						CreatedOnToolsVersion = 10.0;
						TestTargetID = 748DF1D8216B8C870098276E;
					};
				};
			};
			buildConfigurationList = 748DF1D4216B8C870098276E /* Build configuration list for PBXProject "doCatch" */;
			compatibilityVersion = "Xcode 9.3";
			developmentRegion = en;
			hasScannedForEncodings = 0;
			knownRegions = (
				en,
				Base,
			);
			mainGroup = 748DF1D0216B8C870098276E;
			productRefGroup = 748DF1DA216B8C870098276E /* Products */;
			projectDirPath = "";
			projectRoot = "";
			targets = (
				748DF1D8216B8C870098276E /* doCatch */,
				748DF1EC216B8C880098276E /* doCatchTests */,
			);
		};
/* End PBXProject section */

/* Begin PBXResourcesBuildPhase section */
		748DF1D7216B8C870098276E /* Resources */ = {
			isa = PBXResourcesBuildPhase;
			buildActionMask = 2147483647;
			files = (
				748DF1E7216B8C880098276E /* LaunchScreen.storyboard in Resources */,
				748DF1E4216B8C880098276E /* Assets.xcassets in Resources */,
				748DF1E2216B8C870098276E /* Main.storyboard in Resources */,
			);
			runOnlyForDeploymentPostprocessing = 0;
		};
		748DF1EB216B8C880098276E /* Resources */ = {
			isa = PBXResourcesBuildPhase;
			buildActionMask = 2147483647;
			files = (
			);
			runOnlyForDeploymentPostprocessing = 0;
		};
/* End PBXResourcesBuildPhase section */

/* Begin PBXSourcesBuildPhase section */
		748DF1D5216B8C870098276E /* Sources */ = {
			isa = PBXSourcesBuildPhase;
			buildActionMask = 2147483647;
			files = (
				748DF1DF216B8C870098276E /* ViewController.swift in Sources */,
				748DF1DD216B8C870098276E /* AppDelegate.swift in Sources */,
			);
			runOnlyForDeploymentPostprocessing = 0;
		};
		748DF1E9216B8C880098276E /* Sources */ = {
			isa = PBXSourcesBuildPhase;
			buildActionMask = 2147483647;
			files = (
				748DF1F2216B8C880098276E /* doCatchTests.swift in Sources */,
			);
			runOnlyForDeploymentPostprocessing = 0;
		};
/* End PBXSourcesBuildPhase section */

/* Begin PBXTargetDependency section */
		748DF1EF216B8C880098276E /* PBXTargetDependency */ = {
			isa = PBXTargetDependency;
			target = 748DF1D8216B8C870098276E /* doCatch */;
			targetProxy = 748DF1EE216B8C880098276E /* PBXContainerItemProxy */;
		};
/* End PBXTargetDependency section */

/* Begin PBXVariantGroup section */
		748DF1E0216B8C870098276E /* Main.storyboard */ = {
			isa = PBXVariantGroup;
			children = (
				748DF1E1216B8C870098276E /* Base */,
			);
			name = Main.storyboard;
			sourceTree = "<group>";
		};
		748DF1E5216B8C880098276E /* LaunchScreen.storyboard */ = {
			isa = PBXVariantGroup;
			children = (
				748DF1E6216B8C880098276E /* Base */,
			);
			name = LaunchScreen.storyboard;
			sourceTree = "<group>";
		};
/* End PBXVariantGroup section */

/* Begin XCBuildConfiguration section */
		748DF1F4216B8C880098276E /* Debug */ = {
			isa = XCBuildConfiguration;
			buildSettings = {
				ALWAYS_SEARCH_USER_PATHS = NO;
				CLANG_ANALYZER_NONNULL = YES;
				CLANG_ANALYZER_NUMBER_OBJECT_CONVERSION = YES_AGGRESSIVE;
				CLANG_CXX_LANGUAGE_STANDARD = "gnu++14";
				CLANG_CXX_LIBRARY = "libc++";
				CLANG_ENABLE_MODULES = YES;
				CLANG_ENABLE_OBJC_ARC = YES;
				CLANG_ENABLE_OBJC_WEAK = YES;
				CLANG_WARN_BLOCK_CAPTURE_AUTORELEASING = YES;
				CLANG_WARN_BOOL_CONVERSION = YES;
				CLANG_WARN_COMMA = YES;
				CLANG_WARN_CONSTANT_CONVERSION = YES;
				CLANG_WARN_DEPRECATED_OBJC_IMPLEMENTATIONS = YES;
				CLANG_WARN_DIRECT_OBJC_ISA_USAGE = YES_ERROR;
				CLANG_WARN_DOCUMENTATION_COMMENTS = YES;
				CLANG_WARN_EMPTY_BODY = YES;
				CLANG_WARN_ENUM_CONVERSION = YES;
				CLANG_WARN_INFINITE_RECURSION = YES;
				CLANG_WARN_INT_CONVERSION = YES;
				CLANG_WARN_NON_LITERAL_NULL_CONVERSION = YES;
				CLANG_WARN_OBJC_IMPLICIT_RETAIN_SELF = YES;
				CLANG_WARN_OBJC_LITERAL_CONVERSION = YES;
				CLANG_WARN_OBJC_ROOT_CLASS = YES_ERROR;
				CLANG_WARN_RANGE_LOOP_ANALYSIS = YES;
				CLANG_WARN_STRICT_PROTOTYPES = YES;
				CLANG_WARN_SUSPICIOUS_MOVE = YES;
				CLANG_WARN_UNGUARDED_AVAILABILITY = YES_AGGRESSIVE;
				CLANG_WARN_UNREACHABLE_CODE = YES;
				CLANG_WARN__DUPLICATE_METHOD_MATCH = YES;
				CODE_SIGN_IDENTITY = "iPhone Developer";
				COPY_PHASE_STRIP = NO;
				DEBUG_INFORMATION_FORMAT = dwarf;
				ENABLE_STRICT_OBJC_MSGSEND = YES;
				ENABLE_TESTABILITY = YES;
				GCC_C_LANGUAGE_STANDARD = gnu11;
				GCC_DYNAMIC_NO_PIC = NO;
				GCC_NO_COMMON_BLOCKS = YES;
				GCC_OPTIMIZATION_LEVEL = 0;
				GCC_PREPROCESSOR_DEFINITIONS = (
					"DEBUG=1",
					"$(inherited)",
				);
				GCC_WARN_64_TO_32_BIT_CONVERSION = YES;
				GCC_WARN_ABOUT_RETURN_TYPE = YES_ERROR;
				GCC_WARN_UNDECLARED_SELECTOR = YES;
				GCC_WARN_UNINITIALIZED_AUTOS = YES_AGGRESSIVE;
				GCC_WARN_UNUSED_FUNCTION = YES;
				GCC_WARN_UNUSED_VARIABLE = YES;
				IPHONEOS_DEPLOYMENT_TARGET = 12.0;
				MTL_ENABLE_DEBUG_INFO = INCLUDE_SOURCE;
				MTL_FAST_MATH = YES;
				ONLY_ACTIVE_ARCH = YES;
				SDKROOT = iphoneos;
				SWIFT_ACTIVE_COMPILATION_CONDITIONS = DEBUG;
				SWIFT_OPTIMIZATION_LEVEL = "-Onone";
			};
			name = Debug;
		};
		748DF1F5216B8C880098276E /* Release */ = {
			isa = XCBuildConfiguration;
			buildSettings = {
				ALWAYS_SEARCH_USER_PATHS = NO;
				CLANG_ANALYZER_NONNULL = YES;
				CLANG_ANALYZER_NUMBER_OBJECT_CONVERSION = YES_AGGRESSIVE;
				CLANG_CXX_LANGUAGE_STANDARD = "gnu++14";
				CLANG_CXX_LIBRARY = "libc++";
				CLANG_ENABLE_MODULES = YES;
				CLANG_ENABLE_OBJC_ARC = YES;
				CLANG_ENABLE_OBJC_WEAK = YES;
				CLANG_WARN_BLOCK_CAPTURE_AUTORELEASING = YES;
				CLANG_WARN_BOOL_CONVERSION = YES;
				CLANG_WARN_COMMA = YES;
				CLANG_WARN_CONSTANT_CONVERSION = YES;
				CLANG_WARN_DEPRECATED_OBJC_IMPLEMENTATIONS = YES;
				CLANG_WARN_DIRECT_OBJC_ISA_USAGE = YES_ERROR;
				CLANG_WARN_DOCUMENTATION_COMMENTS = YES;
				CLANG_WARN_EMPTY_BODY = YES;
				CLANG_WARN_ENUM_CONVERSION = YES;
				CLANG_WARN_INFINITE_RECURSION = YES;
				CLANG_WARN_INT_CONVERSION = YES;
				CLANG_WARN_NON_LITERAL_NULL_CONVERSION = YES;
				CLANG_WARN_OBJC_IMPLICIT_RETAIN_SELF = YES;
				CLANG_WARN_OBJC_LITERAL_CONVERSION = YES;
				CLANG_WARN_OBJC_ROOT_CLASS = YES_ERROR;
				CLANG_WARN_RANGE_LOOP_ANALYSIS = YES;
				CLANG_WARN_STRICT_PROTOTYPES = YES;
				CLANG_WARN_SUSPICIOUS_MOVE = YES;
				CLANG_WARN_UNGUARDED_AVAILABILITY = YES_AGGRESSIVE;
				CLANG_WARN_UNREACHABLE_CODE = YES;
				CLANG_WARN__DUPLICATE_METHOD_MATCH = YES;
				CODE_SIGN_IDENTITY = "iPhone Developer";
				COPY_PHASE_STRIP = NO;
				DEBUG_INFORMATION_FORMAT = "dwarf-with-dsym";
				ENABLE_NS_ASSERTIONS = NO;
				ENABLE_STRICT_OBJC_MSGSEND = YES;
				GCC_C_LANGUAGE_STANDARD = gnu11;
				GCC_NO_COMMON_BLOCKS = YES;
				GCC_WARN_64_TO_32_BIT_CONVERSION = YES;
				GCC_WARN_ABOUT_RETURN_TYPE = YES_ERROR;
				GCC_WARN_UNDECLARED_SELECTOR = YES;
				GCC_WARN_UNINITIALIZED_AUTOS = YES_AGGRESSIVE;
				GCC_WARN_UNUSED_FUNCTION = YES;
				GCC_WARN_UNUSED_VARIABLE = YES;
				IPHONEOS_DEPLOYMENT_TARGET = 12.0;
				MTL_ENABLE_DEBUG_INFO = NO;
				MTL_FAST_MATH = YES;
				SDKROOT = iphoneos;
				SWIFT_COMPILATION_MODE = wholemodule;
				SWIFT_OPTIMIZATION_LEVEL = "-O";
				VALIDATE_PRODUCT = YES;
			};
			name = Release;
		};
		748DF1F7216B8C880098276E /* Debug */ = {
			isa = XCBuildConfiguration;
			buildSettings = {
				ASSETCATALOG_COMPILER_APPICON_NAME = AppIcon;
				CODE_SIGN_STYLE = Automatic;
				DEVELOPMENT_TEAM = K442TLVK77;
				INFOPLIST_FILE = doCatch/Info.plist;
				LD_RUNPATH_SEARCH_PATHS = (
					"$(inherited)",
					"@executable_path/Frameworks",
				);
				PRODUCT_BUNDLE_IDENTIFIER = nukleusSoft.doCatch;
				PRODUCT_NAME = "$(TARGET_NAME)";
				SWIFT_VERSION = 4.2;
				TARGETED_DEVICE_FAMILY = "1,2";
			};
			name = Debug;
		};
		748DF1F8216B8C880098276E /* Release */ = {
			isa = XCBuildConfiguration;
			buildSettings = {
				ASSETCATALOG_COMPILER_APPICON_NAME = AppIcon;
				CODE_SIGN_STYLE = Automatic;
				DEVELOPMENT_TEAM = K442TLVK77;
				INFOPLIST_FILE = doCatch/Info.plist;
				LD_RUNPATH_SEARCH_PATHS = (
					"$(inherited)",
					"@executable_path/Frameworks",
				);
				PRODUCT_BUNDLE_IDENTIFIER = nukleusSoft.doCatch;
				PRODUCT_NAME = "$(TARGET_NAME)";
				SWIFT_VERSION = 4.2;
				TARGETED_DEVICE_FAMILY = "1,2";
			};
			name = Release;
		};
		748DF1FA216B8C880098276E /* Debug */ = {
			isa = XCBuildConfiguration;
			buildSettings = {
				ALWAYS_EMBED_SWIFT_STANDARD_LIBRARIES = YES;
				BUNDLE_LOADER = "$(TEST_HOST)";
				CODE_SIGN_STYLE = Automatic;
				DEVELOPMENT_TEAM = K442TLVK77;
				INFOPLIST_FILE = doCatchTests/Info.plist;
				LD_RUNPATH_SEARCH_PATHS = (
					"$(inherited)",
					"@executable_path/Frameworks",
					"@loader_path/Frameworks",
				);
				PRODUCT_BUNDLE_IDENTIFIER = nukleusSoft.doCatchTests;
				PRODUCT_NAME = "$(TARGET_NAME)";
				SWIFT_VERSION = 4.2;
				TARGETED_DEVICE_FAMILY = "1,2";
				TEST_HOST = "$(BUILT_PRODUCTS_DIR)/doCatch.app/doCatch";
			};
			name = Debug;
		};
		748DF1FB216B8C880098276E /* Release */ = {
			isa = XCBuildConfiguration;
			buildSettings = {
				ALWAYS_EMBED_SWIFT_STANDARD_LIBRARIES = YES;
				BUNDLE_LOADER = "$(TEST_HOST)";
				CODE_SIGN_STYLE = Automatic;
				DEVELOPMENT_TEAM = K442TLVK77;
				INFOPLIST_FILE = doCatchTests/Info.plist;
				LD_RUNPATH_SEARCH_PATHS = (
					"$(inherited)",
					"@executable_path/Frameworks",
					"@loader_path/Frameworks",
				);
				PRODUCT_BUNDLE_IDENTIFIER = nukleusSoft.doCatchTests;
				PRODUCT_NAME = "$(TARGET_NAME)";
				SWIFT_VERSION = 4.2;
				TARGETED_DEVICE_FAMILY = "1,2";
				TEST_HOST = "$(BUILT_PRODUCTS_DIR)/doCatch.app/doCatch";
			};
			name = Release;
		};
/* End XCBuildConfiguration section */

/* Begin XCConfigurationList section */
		748DF1D4216B8C870098276E /* Build configuration list for PBXProject "doCatch" */ = {
			isa = XCConfigurationList;
			buildConfigurations = (
				748DF1F4216B8C880098276E /* Debug */,
				748DF1F5216B8C880098276E /* Release */,
			);
			defaultConfigurationIsVisible = 0;
			defaultConfigurationName = Release;
		};
		748DF1F6216B8C880098276E /* Build configuration list for PBXNativeTarget "doCatch" */ = {
			isa = XCConfigurationList;
			buildConfigurations = (
				748DF1F7216B8C880098276E /* Debug */,
				748DF1F8216B8C880098276E /* Release */,
			);
			defaultConfigurationIsVisible = 0;
			defaultConfigurationName = Release;
		};
		748DF1F9216B8C880098276E /* Build configuration list for PBXNativeTarget "doCatchTests" */ = {
			isa = XCConfigurationList;
			buildConfigurations = (
				748DF1FA216B8C880098276E /* Debug */,
				748DF1FB216B8C880098276E /* Release */,
			);
			defaultConfigurationIsVisible = 0;
			defaultConfigurationName = Release;
		};
/* End XCConfigurationList section */
	};
	rootObject = 748DF1D1216B8C870098276E /* Project object */;
}
